
Microsoft Visual Studio Solution File, Format Version 12.00
# Visual Studio Version 17
VisualStudioVersion = 17.4.33205.214
MinimumVisualStudioVersion = 10.0.40219.1
Project("{FAE04EC0-301F-11D3-BF4B-00C04F79EFBC}") = "DNApi", "DNApi\DNApi.csproj", "{889DFB23-6E34-47BA-9F08-B14644033E97}"
EndProject
Project("{FAE04EC0-301F-11D3-BF4B-00C04F79EFBC}") = "DataLayer", "DataLayer\DataLayer.csproj", "{CA6882B7-0A18-44D6-8569-04D265162186}"
EndProject
Project("{FAE04EC0-301F-11D3-BF4B-00C04F79EFBC}") = "BusinessLogicLayer", "BusinessLogicLayer\BusinessLogicLayer.csproj", "{23F293D7-8D23-40C3-AD2F-63901CF73C28}"
EndProject
Project("{FAE04EC0-301F-11D3-BF4B-00C04F79EFBC}") = "Test", "Test\Test.csproj", "{FC7D99FC-37C7-4AF0-BCAC-29C0AF0A7995}"
EndProject
Project("{FAE04EC0-301F-11D3-BF4B-00C04F79EFBC}") = "Models", "Models\Models.csproj", "{430E0194-219A-4D8A-9C2F-9579FC061577}"
EndProject
Global
	GlobalSection(SolutionConfigurationPlatforms) = preSolution
		Debug|Any CPU = Debug|Any CPU
		Release|Any CPU = Release|Any CPU
	EndGlobalSection
	GlobalSection(ProjectConfigurationPlatforms) = postSolution
		{889DFB23-6E34-47BA-9F08-B14644033E97}.Debug|Any CPU.ActiveCfg = Debug|Any CPU
		{889DFB23-6E34-47BA-9F08-B14644033E97}.Debug|Any CPU.Build.0 = Debug|Any CPU
		{889DFB23-6E34-47BA-9F08-B14644033E97}.Release|Any CPU.ActiveCfg = Release|Any CPU
		{889DFB23-6E34-47BA-9F08-B14644033E97}.Release|Any CPU.Build.0 = Release|Any CPU
		{CA6882B7-0A18-44D6-8569-04D265162186}.Debug|Any CPU.ActiveCfg = Debug|Any CPU
		{CA6882B7-0A18-44D6-8569-04D265162186}.Debug|Any CPU.Build.0 = Debug|Any CPU
		{CA6882B7-0A18-44D6-8569-04D265162186}.Release|Any CPU.ActiveCfg = Release|Any CPU
		{CA6882B7-0A18-44D6-8569-04D265162186}.Release|Any CPU.Build.0 = Release|Any CPU
		{23F293D7-8D23-40C3-AD2F-63901CF73C28}.Debug|Any CPU.ActiveCfg = Debug|Any CPU
		{23F293D7-8D23-40C3-AD2F-63901CF73C28}.Debug|Any CPU.Build.0 = Debug|Any CPU
		{23F293D7-8D23-40C3-AD2F-63901CF73C28}.Release|Any CPU.ActiveCfg = Release|Any CPU
		{23F293D7-8D23-40C3-AD2F-63901CF73C28}.Release|Any CPU.Build.0 = Release|Any CPU
		{FC7D99FC-37C7-4AF0-BCAC-29C0AF0A7995}.Debug|Any CPU.ActiveCfg = Debug|Any CPU
		{FC7D99FC-37C7-4AF0-BCAC-29C0AF0A7995}.Debug|Any CPU.Build.0 = Debug|Any CPU
		{FC7D99FC-37C7-4AF0-BCAC-29C0AF0A7995}.Release|Any CPU.ActiveCfg = Release|Any CPU
		{FC7D99FC-37C7-4AF0-BCAC-29C0AF0A7995}.Release|Any CPU.Build.0 = Release|Any CPU
		{430E0194-219A-4D8A-9C2F-9579FC061577}.Debug|Any CPU.ActiveCfg = Debug|Any CPU
		{430E0194-219A-4D8A-9C2F-9579FC061577}.Debug|Any CPU.Build.0 = Debug|Any CPU
		{430E0194-219A-4D8A-9C2F-9579FC061577}.Release|Any CPU.ActiveCfg = Release|Any CPU
		{430E0194-219A-4D8A-9C2F-9579FC061577}.Release|Any CPU.Build.0 = Release|Any CPU
	EndGlobalSection
	GlobalSection(SolutionProperties) = preSolution
		HideSolutionNode = FALSE
	EndGlobalSection
	GlobalSection(ExtensibilityGlobals) = postSolution
		SolutionGuid = {22083DC3-1F2F-44A5-80E0-F01109AC462A}
	EndGlobalSection
EndGlobal
